<Solution>
  <Folder Name="/src/">
    <Project Path="src/JmServer.Contracts/JmServer.Contracts.csproj" />
    <Project Path="src/JmServer.Domain/JmServer.Domain.csproj" />
    <Project Path="src/JmServer.GameIntegration/JmServer.GameIntegration.csproj" />
    <Project Path="src/JmServer.Launcher/JmServer.Launcher.csproj" />
    <Project Path="src/JmServer.Launcher.Wpf/JmServer.Launcher.Wpf.csproj" />
    <Project Path="src/JmServer.Persistence/JmServer.Persistence.csproj" />
    <Project Path="src/JmServer.Protocol/JmServer.Protocol.csproj" />
    <Project Path="src/JmServer.Server/JmServer.Server.csproj" />
    <Project Path="src/JmServer.Launcher.Cli/JmServer.Launcher.Cli.csproj" />
  </Folder>
  <Folder Name="/tests/">
    <Project Path="tests/JmServer.Domain.Tests/JmServer.Domain.Tests.csproj" />
    <Project Path="tests/JmServer.GameIntegration.Tests/JmServer.GameIntegration.Tests.csproj" />
    <Project Path="tests/JmServer.Protocol.Tests/JmServer.Protocol.Tests.csproj" />
  </Folder>
</Solution>
